{
  "version": 4,
  "terraform_version": "1.14.3",
  "serial": 11,
  "lineage": "a05d7ab7-83c7-d320-da67-29f87de2df30",
  "outputs": {},
  "resources": [
    {
      "module": "module.auth0_app[\"BTS-demo-spa-dev\"]",
      "mode": "managed",
      "type": "auth0_client",
      "name": "app",
      "provider": "provider[\"registry.terraform.io/auth0/auth0\"]",
      "instances": [
        {
          "schema_version": 0,
          "attributes": {
            "addons": [],
            "allowed_clients": [],
            "allowed_logout_urls": [
              "https://demo-dev.bts.example.com/logout"
            ],
            "allowed_origins": [],
            "app_type": "spa",
            "async_approval_notification_channels": [],
            "callbacks": [
              "https://updatedagain-callback/callback"
            ],
            "client_aliases": [],
            "client_id": "9tEobuUXmxj8eprpjWheWYA6h0PSCsSC",
            "client_metadata": {
              "environment": "dev",
              "org_name": "BTS",
              "owner_team": "demo-platform",
              "servicenow_req": "REQ0009999",
              "system": "demo"
            },
            "compliance_level": "",
            "cross_origin_auth": false,
            "cross_origin_loc": "",
            "custom_login_page": "",
            "custom_login_page_on": true,
            "default_organization": [
              {
                "disable": true,
                "flows": [],
                "organization_id": ""
              }
            ],
            "description": "Org: BTS | SNOW: REQ0009999",
            "encryption_key": null,
            "express_configuration": [],
            "form_template": "",
            "grant_types": [
              "authorization_code",
              "refresh_token"
            ],
            "id": "9tEobuUXmxj8eprpjWheWYA6h0PSCsSC",
            "initiate_login_uri": "",
            "is_first_party": true,
            "is_token_endpoint_ip_header_trusted": false,
            "jwt_configuration": [
              {
                "alg": "",
                "lifetime_in_seconds": 3600,
                "scopes": {},
                "secret_encoded": false
              }
            ],
            "logo_uri": "",
            "mobile": [],
            "name": "BTS Demo SPA (Dev)",
            "native_social_login": [],
            "oidc_backchannel_logout_urls": [],
            "oidc_conformant": false,
            "oidc_logout": [],
            "organization_discovery_methods": [],
            "organization_require_behavior": "",
            "organization_usage": "",
            "refresh_token": [
              {
                "expiration_type": "non-expiring",
                "idle_token_lifetime": 1296000,
                "infinite_idle_token_lifetime": true,
                "infinite_token_lifetime": true,
                "leeway": 0,
                "policies": [],
                "rotation_type": "non-rotating",
                "token_lifetime": 2592000
              }
            ],
            "require_proof_of_possession": false,
            "require_pushed_authorization_requests": false,
            "resource_server_identifier": "",
            "session_transfer": [],
            "signing_keys": [
              {
                "cert": "-----BEGIN CERTIFICATE-----\r\nMIIDHTCCAgWgAwIBAgIJTY0iP8uf6RI/MA0GCSqGSIb3DQEBCwUAMCwxKjAoBgNV\r\nBAMTIWRldi1xcnBkbDdqdnVieXJka3RyLnVzLmF1dGgwLmNvbTAeFw0yNTEyMjkw\r\nMzE1MjFaFw0zOTA5MDcwMzE1MjFaMCwxKjAoBgNVBAMTIWRldi1xcnBkbDdqdnVi\r\neXJka3RyLnVzLmF1dGgwLmNvbTCCASIwDQYJKoZIhvcNAQEBBQADggEPADCCAQoC\r\nggEBALB4IJTrnmKyMe+Yn5jYGwNRpPjHwX5JbvwtB+MBh3sWZ5WRRjrJO+Xerh9i\r\n8lYgr+Sco3GOLG6uKsAxMsZZeC8Csqd9C5LUxoxtc4d0unBL1NsgB88BIdh9NXEn\r\nffq3V69CuJJYN90o86xUTRcMqExLhK+PY07OqRJHVhOI7G8bJbwA4joF3v6Ci6kJ\r\nj4OdLJKpS0eqDivaUR5CgRMqZN8oQ189ie4vH+p3PZNLych0UQapId1MDICtWE0k\r\n32dhe7Vqe493XFjTQbFtdty9wm5HYKZy2Eh7GWRoP1Mcy4Jb5QgiK2WK4QSsoJJK\r\nxZnc5dLENRQ/meE/FAl1anHdH3sCAwEAAaNCMEAwDwYDVR0TAQH/BAUwAwEB/zAd\r\nBgNVHQ4EFgQUr30qp4KmAhS97IJrHq5gFe3MuwcwDgYDVR0PAQH/BAQDAgKEMA0G\r\nCSqGSIb3DQEBCwUAA4IBAQB4FmN5Li+5itFW7P6JmHsli4e/Hmwg8tJq/Jwo+SVF\r\nb/Ib0NutYLuSbj3AvDwDkNohkDzYmjYqx92X8CHqBCKrhCOW0HxBd9ovdExf3UTj\r\nsI9Ak0oMHRxAvCklefsZ1cVHmsfNffeXPESr7jCFtGYiP6jtFPPBxhP4y8w9C3fw\r\npBhOBN8vVSdyNYredXFFBRhSkY/m/R3WzYh0G79gb4X1Qa+5gzEN/FqgPE+yjR8k\r\nHym8bhmDMTG2SIbUI2HYcVXYT+UbPp25LBMOIjRWN8hVuUAK5a1ZVmBpn8lPiei6\r\nvlxOgISzGnoIoTaFFdfaMk39lriB+6RmfODROvQzdlIz\r\n-----END CERTIFICATE-----",
                "pkcs7": "-----BEGIN PKCS7-----\r\nMIIDTAYJKoZIhvcNAQcCoIIDPTCCAzkCAQExADALBgkqhkiG9w0BBwGgggMhMIID\r\nHTCCAgWgAwIBAgIJTY0iP8uf6RI/MA0GCSqGSIb3DQEBCwUAMCwxKjAoBgNVBAMT\r\nIWRldi1xcnBkbDdqdnVieXJka3RyLnVzLmF1dGgwLmNvbTAeFw0yNTEyMjkwMzE1\r\nMjFaFw0zOTA5MDcwMzE1MjFaMCwxKjAoBgNVBAMTIWRldi1xcnBkbDdqdnVieXJk\r\na3RyLnVzLmF1dGgwLmNvbTCCASIwDQYJKoZIhvcNAQEBBQADggEPADCCAQoCggEB\r\nALB4IJTrnmKyMe+Yn5jYGwNRpPjHwX5JbvwtB+MBh3sWZ5WRRjrJO+Xerh9i8lYg\r\nr+Sco3GOLG6uKsAxMsZZeC8Csqd9C5LUxoxtc4d0unBL1NsgB88BIdh9NXEnffq3\r\nV69CuJJYN90o86xUTRcMqExLhK+PY07OqRJHVhOI7G8bJbwA4joF3v6Ci6kJj4Od\r\nLJKpS0eqDivaUR5CgRMqZN8oQ189ie4vH+p3PZNLych0UQapId1MDICtWE0k32dh\r\ne7Vqe493XFjTQbFtdty9wm5HYKZy2Eh7GWRoP1Mcy4Jb5QgiK2WK4QSsoJJKxZnc\r\n5dLENRQ/meE/FAl1anHdH3sCAwEAAaNCMEAwDwYDVR0TAQH/BAUwAwEB/zAdBgNV\r\nHQ4EFgQUr30qp4KmAhS97IJrHq5gFe3MuwcwDgYDVR0PAQH/BAQDAgKEMA0GCSqG\r\nSIb3DQEBCwUAA4IBAQB4FmN5Li+5itFW7P6JmHsli4e/Hmwg8tJq/Jwo+SVFb/Ib\r\n0NutYLuSbj3AvDwDkNohkDzYmjYqx92X8CHqBCKrhCOW0HxBd9ovdExf3UTjsI9A\r\nk0oMHRxAvCklefsZ1cVHmsfNffeXPESr7jCFtGYiP6jtFPPBxhP4y8w9C3fwpBhO\r\nBN8vVSdyNYredXFFBRhSkY/m/R3WzYh0G79gb4X1Qa+5gzEN/FqgPE+yjR8kHym8\r\nbhmDMTG2SIbUI2HYcVXYT+UbPp25LBMOIjRWN8hVuUAK5a1ZVmBpn8lPiei6vlxO\r\ngISzGnoIoTaFFdfaMk39lriB+6RmfODROvQzdlIzMQA=\r\n-----END PKCS7-----\r\n",
                "subject": "deprecated"
              }
            ],
            "skip_non_verifiable_callback_uri_confirmation_prompt": "null",
            "sso": false,
            "sso_disabled": false,
            "token_exchange": [],
            "token_quota": [],
            "web_origins": [
              "https://demo-dev.bts.example.com"
            ]
          },
          "sensitive_attributes": [
            [
              {
                "type": "get_attr",
                "value": "signing_keys"
              }
            ]
          ],
          "identity_schema_version": 0,
          "private": "bnVsbA=="
        }
      ]
    },
    {
      "module": "module.auth0_app[\"BTS-orders-api-dev\"]",
      "mode": "managed",
      "type": "auth0_client",
      "name": "app",
      "provider": "provider[\"registry.terraform.io/auth0/auth0\"]",
      "instances": [
        {
          "schema_version": 0,
          "attributes": {
            "addons": [],
            "allowed_clients": [],
            "allowed_logout_urls": [
              "https://orders-dev.example.com/logout"
            ],
            "allowed_origins": [],
            "app_type": "regular_web",
            "async_approval_notification_channels": [],
            "callbacks": [
              "https://orders-dev.example.com/callback"
            ],
            "client_aliases": [],
            "client_id": "dGQM69tippA25xtLllWjNB55QJmyxLdy",
            "client_metadata": {
              "environment": "dev",
              "org_name": "BTS",
              "owner_team": "orders-platform",
              "servicenow_req": "REQ0012345",
              "system": "orders"
            },
            "compliance_level": "",
            "cross_origin_auth": false,
            "cross_origin_loc": "",
            "custom_login_page": "",
            "custom_login_page_on": true,
            "default_organization": [
              {
                "disable": true,
                "flows": [],
                "organization_id": ""
              }
            ],
            "description": "Org: BTS | SNOW: REQ0012345",
            "encryption_key": null,
            "express_configuration": [],
            "form_template": "",
            "grant_types": [
              "authorization_code",
              "refresh_token"
            ],
            "id": "dGQM69tippA25xtLllWjNB55QJmyxLdy",
            "initiate_login_uri": "",
            "is_first_party": true,
            "is_token_endpoint_ip_header_trusted": false,
            "jwt_configuration": [
              {
                "alg": "",
                "lifetime_in_seconds": 3600,
                "scopes": {},
                "secret_encoded": false
              }
            ],
            "logo_uri": "",
            "mobile": [],
            "name": "Orders API (Dev)",
            "native_social_login": [],
            "oidc_backchannel_logout_urls": [],
            "oidc_conformant": false,
            "oidc_logout": [],
            "organization_discovery_methods": [],
            "organization_require_behavior": "",
            "organization_usage": "",
            "refresh_token": [
              {
                "expiration_type": "non-expiring",
                "idle_token_lifetime": 2592000,
                "infinite_idle_token_lifetime": true,
                "infinite_token_lifetime": true,
                "leeway": 0,
                "policies": [],
                "rotation_type": "non-rotating",
                "token_lifetime": 31557600
              }
            ],
            "require_proof_of_possession": false,
            "require_pushed_authorization_requests": false,
            "resource_server_identifier": "",
            "session_transfer": [],
            "signing_keys": [
              {
                "cert": "-----BEGIN CERTIFICATE-----\r\nMIIDHTCCAgWgAwIBAgIJTY0iP8uf6RI/MA0GCSqGSIb3DQEBCwUAMCwxKjAoBgNV\r\nBAMTIWRldi1xcnBkbDdqdnVieXJka3RyLnVzLmF1dGgwLmNvbTAeFw0yNTEyMjkw\r\nMzE1MjFaFw0zOTA5MDcwMzE1MjFaMCwxKjAoBgNVBAMTIWRldi1xcnBkbDdqdnVi\r\neXJka3RyLnVzLmF1dGgwLmNvbTCCASIwDQYJKoZIhvcNAQEBBQADggEPADCCAQoC\r\nggEBALB4IJTrnmKyMe+Yn5jYGwNRpPjHwX5JbvwtB+MBh3sWZ5WRRjrJO+Xerh9i\r\n8lYgr+Sco3GOLG6uKsAxMsZZeC8Csqd9C5LUxoxtc4d0unBL1NsgB88BIdh9NXEn\r\nffq3V69CuJJYN90o86xUTRcMqExLhK+PY07OqRJHVhOI7G8bJbwA4joF3v6Ci6kJ\r\nj4OdLJKpS0eqDivaUR5CgRMqZN8oQ189ie4vH+p3PZNLych0UQapId1MDICtWE0k\r\n32dhe7Vqe493XFjTQbFtdty9wm5HYKZy2Eh7GWRoP1Mcy4Jb5QgiK2WK4QSsoJJK\r\nxZnc5dLENRQ/meE/FAl1anHdH3sCAwEAAaNCMEAwDwYDVR0TAQH/BAUwAwEB/zAd\r\nBgNVHQ4EFgQUr30qp4KmAhS97IJrHq5gFe3MuwcwDgYDVR0PAQH/BAQDAgKEMA0G\r\nCSqGSIb3DQEBCwUAA4IBAQB4FmN5Li+5itFW7P6JmHsli4e/Hmwg8tJq/Jwo+SVF\r\nb/Ib0NutYLuSbj3AvDwDkNohkDzYmjYqx92X8CHqBCKrhCOW0HxBd9ovdExf3UTj\r\nsI9Ak0oMHRxAvCklefsZ1cVHmsfNffeXPESr7jCFtGYiP6jtFPPBxhP4y8w9C3fw\r\npBhOBN8vVSdyNYredXFFBRhSkY/m/R3WzYh0G79gb4X1Qa+5gzEN/FqgPE+yjR8k\r\nHym8bhmDMTG2SIbUI2HYcVXYT+UbPp25LBMOIjRWN8hVuUAK5a1ZVmBpn8lPiei6\r\nvlxOgISzGnoIoTaFFdfaMk39lriB+6RmfODROvQzdlIz\r\n-----END CERTIFICATE-----",
                "pkcs7": "-----BEGIN PKCS7-----\r\nMIIDTAYJKoZIhvcNAQcCoIIDPTCCAzkCAQExADALBgkqhkiG9w0BBwGgggMhMIID\r\nHTCCAgWgAwIBAgIJTY0iP8uf6RI/MA0GCSqGSIb3DQEBCwUAMCwxKjAoBgNVBAMT\r\nIWRldi1xcnBkbDdqdnVieXJka3RyLnVzLmF1dGgwLmNvbTAeFw0yNTEyMjkwMzE1\r\nMjFaFw0zOTA5MDcwMzE1MjFaMCwxKjAoBgNVBAMTIWRldi1xcnBkbDdqdnVieXJk\r\na3RyLnVzLmF1dGgwLmNvbTCCASIwDQYJKoZIhvcNAQEBBQADggEPADCCAQoCggEB\r\nALB4IJTrnmKyMe+Yn5jYGwNRpPjHwX5JbvwtB+MBh3sWZ5WRRjrJO+Xerh9i8lYg\r\nr+Sco3GOLG6uKsAxMsZZeC8Csqd9C5LUxoxtc4d0unBL1NsgB88BIdh9NXEnffq3\r\nV69CuJJYN90o86xUTRcMqExLhK+PY07OqRJHVhOI7G8bJbwA4joF3v6Ci6kJj4Od\r\nLJKpS0eqDivaUR5CgRMqZN8oQ189ie4vH+p3PZNLych0UQapId1MDICtWE0k32dh\r\ne7Vqe493XFjTQbFtdty9wm5HYKZy2Eh7GWRoP1Mcy4Jb5QgiK2WK4QSsoJJKxZnc\r\n5dLENRQ/meE/FAl1anHdH3sCAwEAAaNCMEAwDwYDVR0TAQH/BAUwAwEB/zAdBgNV\r\nHQ4EFgQUr30qp4KmAhS97IJrHq5gFe3MuwcwDgYDVR0PAQH/BAQDAgKEMA0GCSqG\r\nSIb3DQEBCwUAA4IBAQB4FmN5Li+5itFW7P6JmHsli4e/Hmwg8tJq/Jwo+SVFb/Ib\r\n0NutYLuSbj3AvDwDkNohkDzYmjYqx92X8CHqBCKrhCOW0HxBd9ovdExf3UTjsI9A\r\nk0oMHRxAvCklefsZ1cVHmsfNffeXPESr7jCFtGYiP6jtFPPBxhP4y8w9C3fwpBhO\r\nBN8vVSdyNYredXFFBRhSkY/m/R3WzYh0G79gb4X1Qa+5gzEN/FqgPE+yjR8kHym8\r\nbhmDMTG2SIbUI2HYcVXYT+UbPp25LBMOIjRWN8hVuUAK5a1ZVmBpn8lPiei6vlxO\r\ngISzGnoIoTaFFdfaMk39lriB+6RmfODROvQzdlIzMQA=\r\n-----END PKCS7-----\r\n",
                "subject": "deprecated"
              }
            ],
            "skip_non_verifiable_callback_uri_confirmation_prompt": "null",
            "sso": false,
            "sso_disabled": false,
            "token_exchange": [],
            "token_quota": [],
            "web_origins": [
              "https://orders-dev.example.com"
            ]
          },
          "sensitive_attributes": [
            [
              {
                "type": "get_attr",
                "value": "signing_keys"
              }
            ]
          ],
          "identity_schema_version": 0,
          "private": "bnVsbA=="
        }
      ]
    },
    {
      "module": "module.auth0_app[\"CWG-billing-api-dev\"]",
      "mode": "managed",
      "type": "auth0_client",
      "name": "app",
      "provider": "provider[\"registry.terraform.io/auth0/auth0\"]",
      "instances": [
        {
          "schema_version": 0,
          "attributes": {
            "addons": [],
            "allowed_clients": null,
            "allowed_logout_urls": [
              "https://billing-dev.example.com/logout"
            ],
            "allowed_origins": null,
            "app_type": "regular_web",
            "async_approval_notification_channels": [],
            "callbacks": [
              "https://billing-dev.example.com/callback"
            ],
            "client_aliases": null,
            "client_id": "GtcKFUetVe9y1gIeGSL0f62HNmzRbb15",
            "client_metadata": {
              "environment": "dev",
              "org_name": "CWG",
              "owner_team": "billing-platform",
              "servicenow_req": "REQ0012345",
              "system": "billing"
            },
            "compliance_level": "",
            "cross_origin_auth": false,
            "cross_origin_loc": "",
            "custom_login_page": "",
            "custom_login_page_on": true,
            "default_organization": [
              {
                "disable": true,
                "flows": [],
                "organization_id": ""
              }
            ],
            "description": "Org: CWG | SNOW: REQ0012345",
            "encryption_key": null,
            "express_configuration": [],
            "form_template": "",
            "grant_types": [
              "authorization_code",
              "refresh_token"
            ],
            "id": "GtcKFUetVe9y1gIeGSL0f62HNmzRbb15",
            "initiate_login_uri": "",
            "is_first_party": true,
            "is_token_endpoint_ip_header_trusted": false,
            "jwt_configuration": [
              {
                "alg": "",
                "lifetime_in_seconds": 3600,
                "scopes": null,
                "secret_encoded": false
              }
            ],
            "logo_uri": "",
            "mobile": [],
            "name": "Billing APP (Dev)",
            "native_social_login": [],
            "oidc_backchannel_logout_urls": [],
            "oidc_conformant": false,
            "oidc_logout": [],
            "organization_discovery_methods": null,
            "organization_require_behavior": "",
            "organization_usage": "",
            "refresh_token": [
              {
                "expiration_type": "non-expiring",
                "idle_token_lifetime": 2592000,
                "infinite_idle_token_lifetime": true,
                "infinite_token_lifetime": true,
                "leeway": 0,
                "policies": [],
                "rotation_type": "non-rotating",
                "token_lifetime": 31557600
              }
            ],
            "require_proof_of_possession": false,
            "require_pushed_authorization_requests": false,
            "resource_server_identifier": "",
            "session_transfer": [],
            "signing_keys": [
              {
                "cert": "-----BEGIN CERTIFICATE-----\r\nMIIDHTCCAgWgAwIBAgIJTY0iP8uf6RI/MA0GCSqGSIb3DQEBCwUAMCwxKjAoBgNV\r\nBAMTIWRldi1xcnBkbDdqdnVieXJka3RyLnVzLmF1dGgwLmNvbTAeFw0yNTEyMjkw\r\nMzE1MjFaFw0zOTA5MDcwMzE1MjFaMCwxKjAoBgNVBAMTIWRldi1xcnBkbDdqdnVi\r\neXJka3RyLnVzLmF1dGgwLmNvbTCCASIwDQYJKoZIhvcNAQEBBQADggEPADCCAQoC\r\nggEBALB4IJTrnmKyMe+Yn5jYGwNRpPjHwX5JbvwtB+MBh3sWZ5WRRjrJO+Xerh9i\r\n8lYgr+Sco3GOLG6uKsAxMsZZeC8Csqd9C5LUxoxtc4d0unBL1NsgB88BIdh9NXEn\r\nffq3V69CuJJYN90o86xUTRcMqExLhK+PY07OqRJHVhOI7G8bJbwA4joF3v6Ci6kJ\r\nj4OdLJKpS0eqDivaUR5CgRMqZN8oQ189ie4vH+p3PZNLych0UQapId1MDICtWE0k\r\n32dhe7Vqe493XFjTQbFtdty9wm5HYKZy2Eh7GWRoP1Mcy4Jb5QgiK2WK4QSsoJJK\r\nxZnc5dLENRQ/meE/FAl1anHdH3sCAwEAAaNCMEAwDwYDVR0TAQH/BAUwAwEB/zAd\r\nBgNVHQ4EFgQUr30qp4KmAhS97IJrHq5gFe3MuwcwDgYDVR0PAQH/BAQDAgKEMA0G\r\nCSqGSIb3DQEBCwUAA4IBAQB4FmN5Li+5itFW7P6JmHsli4e/Hmwg8tJq/Jwo+SVF\r\nb/Ib0NutYLuSbj3AvDwDkNohkDzYmjYqx92X8CHqBCKrhCOW0HxBd9ovdExf3UTj\r\nsI9Ak0oMHRxAvCklefsZ1cVHmsfNffeXPESr7jCFtGYiP6jtFPPBxhP4y8w9C3fw\r\npBhOBN8vVSdyNYredXFFBRhSkY/m/R3WzYh0G79gb4X1Qa+5gzEN/FqgPE+yjR8k\r\nHym8bhmDMTG2SIbUI2HYcVXYT+UbPp25LBMOIjRWN8hVuUAK5a1ZVmBpn8lPiei6\r\nvlxOgISzGnoIoTaFFdfaMk39lriB+6RmfODROvQzdlIz\r\n-----END CERTIFICATE-----",
                "pkcs7": "-----BEGIN PKCS7-----\r\nMIIDTAYJKoZIhvcNAQcCoIIDPTCCAzkCAQExADALBgkqhkiG9w0BBwGgggMhMIID\r\nHTCCAgWgAwIBAgIJTY0iP8uf6RI/MA0GCSqGSIb3DQEBCwUAMCwxKjAoBgNVBAMT\r\nIWRldi1xcnBkbDdqdnVieXJka3RyLnVzLmF1dGgwLmNvbTAeFw0yNTEyMjkwMzE1\r\nMjFaFw0zOTA5MDcwMzE1MjFaMCwxKjAoBgNVBAMTIWRldi1xcnBkbDdqdnVieXJk\r\na3RyLnVzLmF1dGgwLmNvbTCCASIwDQYJKoZIhvcNAQEBBQADggEPADCCAQoCggEB\r\nALB4IJTrnmKyMe+Yn5jYGwNRpPjHwX5JbvwtB+MBh3sWZ5WRRjrJO+Xerh9i8lYg\r\nr+Sco3GOLG6uKsAxMsZZeC8Csqd9C5LUxoxtc4d0unBL1NsgB88BIdh9NXEnffq3\r\nV69CuJJYN90o86xUTRcMqExLhK+PY07OqRJHVhOI7G8bJbwA4joF3v6Ci6kJj4Od\r\nLJKpS0eqDivaUR5CgRMqZN8oQ189ie4vH+p3PZNLych0UQapId1MDICtWE0k32dh\r\ne7Vqe493XFjTQbFtdty9wm5HYKZy2Eh7GWRoP1Mcy4Jb5QgiK2WK4QSsoJJKxZnc\r\n5dLENRQ/meE/FAl1anHdH3sCAwEAAaNCMEAwDwYDVR0TAQH/BAUwAwEB/zAdBgNV\r\nHQ4EFgQUr30qp4KmAhS97IJrHq5gFe3MuwcwDgYDVR0PAQH/BAQDAgKEMA0GCSqG\r\nSIb3DQEBCwUAA4IBAQB4FmN5Li+5itFW7P6JmHsli4e/Hmwg8tJq/Jwo+SVFb/Ib\r\n0NutYLuSbj3AvDwDkNohkDzYmjYqx92X8CHqBCKrhCOW0HxBd9ovdExf3UTjsI9A\r\nk0oMHRxAvCklefsZ1cVHmsfNffeXPESr7jCFtGYiP6jtFPPBxhP4y8w9C3fwpBhO\r\nBN8vVSdyNYredXFFBRhSkY/m/R3WzYh0G79gb4X1Qa+5gzEN/FqgPE+yjR8kHym8\r\nbhmDMTG2SIbUI2HYcVXYT+UbPp25LBMOIjRWN8hVuUAK5a1ZVmBpn8lPiei6vlxO\r\ngISzGnoIoTaFFdfaMk39lriB+6RmfODROvQzdlIzMQA=\r\n-----END PKCS7-----\r\n",
                "subject": "deprecated"
              }
            ],
            "skip_non_verifiable_callback_uri_confirmation_prompt": "null",
            "sso": false,
            "sso_disabled": false,
            "token_exchange": [],
            "token_quota": [],
            "web_origins": [
              "https://billing-dev.example.com"
            ]
          },
          "sensitive_attributes": [
            [
              {
                "type": "get_attr",
                "value": "signing_keys"
              }
            ]
          ],
          "identity_schema_version": 0,
          "private": "bnVsbA=="
        }
      ]
    }
  ],
  "check_results": null
}
